// !$*UTF8*$!
{
	archiveVersion = 1;
	classes = {
	};
	objectVersion = 50;
	objects = {

/* Begin PBXBuildFile section */
		AD2F6A39244B5F7900C69728 /* StartViewController.swift in Sources */ = {isa = PBXBuildFile; fileRef = AD2F6A38244B5F7900C69728 /* StartViewController.swift */; };
		AD2F6A3B244B5FD600C69728 /* StudyCaseModel.swift in Sources */ = {isa = PBXBuildFile; fileRef = AD2F6A3A244B5FD600C69728 /* StudyCaseModel.swift */; };
		AD2F6A3D244B604400C69728 /* StartTableViewCell.swift in Sources */ = {isa = PBXBuildFile; fileRef = AD2F6A3C244B604400C69728 /* StartTableViewCell.swift */; };
		ADE6C14C2449E82100DE0AF6 /* DiningHallTableViewCell.swift in Sources */ = {isa = PBXBuildFile; fileRef = ADE6C14B2449E82100DE0AF6 /* DiningHallTableViewCell.swift */; };
		ADE6C14E2449F14F00DE0AF6 /* DiningHall.swift in Sources */ = {isa = PBXBuildFile; fileRef = ADE6C14D2449F14F00DE0AF6 /* DiningHall.swift */; };
		ADF930F324444F7F000A4786 /* AppDelegate.swift in Sources */ = {isa = PBXBuildFile; fileRef = ADF930F224444F7F000A4786 /* AppDelegate.swift */; };
		ADF930F524444F7F000A4786 /* SceneDelegate.swift in Sources */ = {isa = PBXBuildFile; fileRef = ADF930F424444F7F000A4786 /* SceneDelegate.swift */; };
		ADF930F724444F7F000A4786 /* ViewController.swift in Sources */ = {isa = PBXBuildFile; fileRef = ADF930F624444F7F000A4786 /* ViewController.swift */; };
		ADF930FC24444F81000A4786 /* Assets.xcassets in Resources */ = {isa = PBXBuildFile; fileRef = ADF930FB24444F81000A4786 /* Assets.xcassets */; };
		ADF930FF24444F81000A4786 /* LaunchScreen.storyboard in Resources */ = {isa = PBXBuildFile; fileRef = ADF930FD24444F81000A4786 /* LaunchScreen.storyboard */; };
/* End PBXBuildFile section */

/* Begin PBXFileReference section */
		AD2F6A38244B5F7900C69728 /* StartViewController.swift */ = {isa = PBXFileReference; lastKnownFileType = sourcecode.swift; path = StartViewController.swift; sourceTree = "<group>"; };
		AD2F6A3A244B5FD600C69728 /* StudyCaseModel.swift */ = {isa = PBXFileReference; lastKnownFileType = sourcecode.swift; path = StudyCaseModel.swift; sourceTree = "<group>"; };
		AD2F6A3C244B604400C69728 /* StartTableViewCell.swift */ = {isa = PBXFileReference; lastKnownFileType = sourcecode.swift; path = StartTableViewCell.swift; sourceTree = "<group>"; };
		ADE6C14B2449E82100DE0AF6 /* DiningHallTableViewCell.swift */ = {isa = PBXFileReference; lastKnownFileType = sourcecode.swift; path = DiningHallTableViewCell.swift; sourceTree = "<group>"; };
		ADE6C14D2449F14F00DE0AF6 /* DiningHall.swift */ = {isa = PBXFileReference; lastKnownFileType = sourcecode.swift; path = DiningHall.swift; sourceTree = "<group>"; };
		ADF930EF24444F7F000A4786 /* SwiftStudy.app */ = {isa = PBXFileReference; explicitFileType = wrapper.application; includeInIndex = 0; path = SwiftStudy.app; sourceTree = BUILT_PRODUCTS_DIR; };
		ADF930F224444F7F000A4786 /* AppDelegate.swift */ = {isa = PBXFileReference; lastKnownFileType = sourcecode.swift; path = AppDelegate.swift; sourceTree = "<group>"; };
		ADF930F424444F7F000A4786 /* SceneDelegate.swift */ = {isa = PBXFileReference; lastKnownFileType = sourcecode.swift; path = SceneDelegate.swift; sourceTree = "<group>"; };
		ADF930F624444F7F000A4786 /* ViewController.swift */ = {isa = PBXFileReference; lastKnownFileType = sourcecode.swift; path = ViewController.swift; sourceTree = "<group>"; };
		ADF930FB24444F81000A4786 /* Assets.xcassets */ = {isa = PBXFileReference; lastKnownFileType = folder.assetcatalog; path = Assets.xcassets; sourceTree = "<group>"; };
		ADF930FE24444F81000A4786 /* Base */ = {isa = PBXFileReference; lastKnownFileType = file.storyboard; name = Base; path = Base.lproj/LaunchScreen.storyboard; sourceTree = "<group>"; };
		ADF9310024444F81000A4786 /* Info.plist */ = {isa = PBXFileReference; lastKnownFileType = text.plist.xml; path = Info.plist; sourceTree = "<group>"; };
/* End PBXFileReference section */

/* Begin PBXFrameworksBuildPhase section */
		ADF930EC24444F7F000A4786 /* Frameworks */ = {
			isa = PBXFrameworksBuildPhase;
			buildActionMask = 2147483647;
			files = (
			);
			runOnlyForDeploymentPostprocessing = 0;
		};
/* End PBXFrameworksBuildPhase section */

/* Begin PBXGroup section */
		AD2F6A37244B5EFE00C69728 /* main */ = {
			isa = PBXGroup;
			children = (
				AD2F6A38244B5F7900C69728 /* StartViewController.swift */,
				AD2F6A3A244B5FD600C69728 /* StudyCaseModel.swift */,
				AD2F6A3C244B604400C69728 /* StartTableViewCell.swift */,
			);
			path = main;
			sourceTree = "<group>";
		};
		ADE6C14A2449E7D100DE0AF6 /* UITable */ = {
			isa = PBXGroup;
			children = (
				ADE6C14B2449E82100DE0AF6 /* DiningHallTableViewCell.swift */,
				ADE6C14D2449F14F00DE0AF6 /* DiningHall.swift */,
			);
			path = UITable;
			sourceTree = "<group>";
		};
		ADF930E624444F7F000A4786 = {
			isa = PBXGroup;
			children = (
				ADF930F124444F7F000A4786 /* SwiftStudy */,
				ADF930F024444F7F000A4786 /* Products */,
			);
			sourceTree = "<group>";
		};
		ADF930F024444F7F000A4786 /* Products */ = {
			isa = PBXGroup;
			children = (
				ADF930EF24444F7F000A4786 /* SwiftStudy.app */,
			);
			name = Products;
			sourceTree = "<group>";
		};
		ADF930F124444F7F000A4786 /* SwiftStudy */ = {
			isa = PBXGroup;
			children = (
				AD2F6A37244B5EFE00C69728 /* main */,
				ADE6C14A2449E7D100DE0AF6 /* UITable */,
				ADF930F224444F7F000A4786 /* AppDelegate.swift */,
				ADF930F424444F7F000A4786 /* SceneDelegate.swift */,
				ADF930F624444F7F000A4786 /* ViewController.swift */,
				ADF930FB24444F81000A4786 /* Assets.xcassets */,
				ADF930FD24444F81000A4786 /* LaunchScreen.storyboard */,
				ADF9310024444F81000A4786 /* Info.plist */,
			);
			path = SwiftStudy;
			sourceTree = "<group>";
		};
/* End PBXGroup section */

/* Begin PBXNativeTarget section */
		ADF930EE24444F7F000A4786 /* SwiftStudy */ = {
			isa = PBXNativeTarget;
			buildConfigurationList = ADF9310324444F81000A4786 /* Build configuration list for PBXNativeTarget "SwiftStudy" */;
			buildPhases = (
				ADF930EB24444F7F000A4786 /* Sources */,
				ADF930EC24444F7F000A4786 /* Frameworks */,
				ADF930ED24444F7F000A4786 /* Resources */,
			);
			buildRules = (
			);
			dependencies = (
			);
			name = SwiftStudy;
			productName = SwiftStudy;
			productReference = ADF930EF24444F7F000A4786 /* SwiftStudy.app */;
			productType = "com.apple.product-type.application";
		};
/* End PBXNativeTarget section */

/* Begin PBXProject section */
		ADF930E724444F7F000A4786 /* Project object */ = {
			isa = PBXProject;
			attributes = {
				LastSwiftUpdateCheck = 1140;
				LastUpgradeCheck = 1140;
				ORGANIZATIONNAME = "杨祖亮";
				TargetAttributes = {
					ADF930EE24444F7F000A4786 = {
						CreatedOnToolsVersion = 11.4;
					};
				};
			};
			buildConfigurationList = ADF930EA24444F7F000A4786 /* Build configuration list for PBXProject "SwiftStudy" */;
			compatibilityVersion = "Xcode 9.3";
			developmentRegion = en;
			hasScannedForEncodings = 0;
			knownRegions = (
				en,
				Base,
			);
			mainGroup = ADF930E624444F7F000A4786;
			productRefGroup = ADF930F024444F7F000A4786 /* Products */;
			projectDirPath = "";
			projectRoot = "";
			targets = (
				ADF930EE24444F7F000A4786 /* SwiftStudy */,
			);
		};
/* End PBXProject section */

/* Begin PBXResourcesBuildPhase section */
		ADF930ED24444F7F000A4786 /* Resources */ = {
			isa = PBXResourcesBuildPhase;
			buildActionMask = 2147483647;
			files = (
				ADF930FF24444F81000A4786 /* LaunchScreen.storyboard in Resources */,
				ADF930FC24444F81000A4786 /* Assets.xcassets in Resources */,
			);
			runOnlyForDeploymentPostprocessing = 0;
		};
/* End PBXResourcesBuildPhase section */

/* Begin PBXSourcesBuildPhase section */
		ADF930EB24444F7F000A4786 /* Sources */ = {
			isa = PBXSourcesBuildPhase;
			buildActionMask = 2147483647;
			files = (
				ADE6C14E2449F14F00DE0AF6 /* DiningHall.swift in Sources */,
				ADF930F724444F7F000A4786 /* ViewController.swift in Sources */,
				ADE6C14C2449E82100DE0AF6 /* DiningHallTableViewCell.swift in Sources */,
				ADF930F324444F7F000A4786 /* AppDelegate.swift in Sources */,
				AD2F6A3D244B604400C69728 /* StartTableViewCell.swift in Sources */,
				AD2F6A3B244B5FD600C69728 /* StudyCaseModel.swift in Sources */,
				ADF930F524444F7F000A4786 /* SceneDelegate.swift in Sources */,
				AD2F6A39244B5F7900C69728 /* StartViewController.swift in Sources */,
			);
			runOnlyForDeploymentPostprocessing = 0;
		};
/* End PBXSourcesBuildPhase section */

/* Begin PBXVariantGroup section */
		ADF930FD24444F81000A4786 /* LaunchScreen.storyboard */ = {
			isa = PBXVariantGroup;
			children = (
				ADF930FE24444F81000A4786 /* Base */,
			);
			name = LaunchScreen.storyboard;
			sourceTree = "<group>";
		};
/* End PBXVariantGroup section */

/* Begin XCBuildConfiguration section */
		ADF9310124444F81000A4786 /* Debug */ = {
			isa = XCBuildConfiguration;
			buildSettings = {
				ALWAYS_SEARCH_USER_PATHS = NO;
				CLANG_ANALYZER_NONNULL = YES;
				CLANG_ANALYZER_NUMBER_OBJECT_CONVERSION = YES_AGGRESSIVE;
				CLANG_CXX_LANGUAGE_STANDARD = "gnu++14";
				CLANG_CXX_LIBRARY = "libc++";
				CLANG_ENABLE_MODULES = YES;
				CLANG_ENABLE_OBJC_ARC = YES;
				CLANG_ENABLE_OBJC_WEAK = YES;
				CLANG_WARN_BLOCK_CAPTURE_AUTORELEASING = YES;
				CLANG_WARN_BOOL_CONVERSION = YES;
				CLANG_WARN_COMMA = YES;
				CLANG_WARN_CONSTANT_CONVERSION = YES;
				CLANG_WARN_DEPRECATED_OBJC_IMPLEMENTATIONS = YES;
				CLANG_WARN_DIRECT_OBJC_ISA_USAGE = YES_ERROR;
				CLANG_WARN_DOCUMENTATION_COMMENTS = YES;
				CLANG_WARN_EMPTY_BODY = YES;
				CLANG_WARN_ENUM_CONVERSION = YES;
				CLANG_WARN_INFINITE_RECURSION = YES;
				CLANG_WARN_INT_CONVERSION = YES;
				CLANG_WARN_NON_LITERAL_NULL_CONVERSION = YES;
				CLANG_WARN_OBJC_IMPLICIT_RETAIN_SELF = YES;
				CLANG_WARN_OBJC_LITERAL_CONVERSION = YES;
				CLANG_WARN_OBJC_ROOT_CLASS = YES_ERROR;
				CLANG_WARN_RANGE_LOOP_ANALYSIS = YES;
				CLANG_WARN_STRICT_PROTOTYPES = YES;
				CLANG_WARN_SUSPICIOUS_MOVE = YES;
				CLANG_WARN_UNGUARDED_AVAILABILITY = YES_AGGRESSIVE;
				CLANG_WARN_UNREACHABLE_CODE = YES;
				CLANG_WARN__DUPLICATE_METHOD_MATCH = YES;
				COPY_PHASE_STRIP = NO;
				DEBUG_INFORMATION_FORMAT = dwarf;
				ENABLE_STRICT_OBJC_MSGSEND = YES;
				ENABLE_TESTABILITY = YES;
				GCC_C_LANGUAGE_STANDARD = gnu11;
				GCC_DYNAMIC_NO_PIC = NO;
				GCC_NO_COMMON_BLOCKS = YES;
				GCC_OPTIMIZATION_LEVEL = 0;
				GCC_PREPROCESSOR_DEFINITIONS = (
					"DEBUG=1",
					"$(inherited)",
				);
				GCC_WARN_64_TO_32_BIT_CONVERSION = YES;
				GCC_WARN_ABOUT_RETURN_TYPE = YES_ERROR;
				GCC_WARN_UNDECLARED_SELECTOR = YES;
				GCC_WARN_UNINITIALIZED_AUTOS = YES_AGGRESSIVE;
				GCC_WARN_UNUSED_FUNCTION = YES;
				GCC_WARN_UNUSED_VARIABLE = YES;
				IPHONEOS_DEPLOYMENT_TARGET = 13.4;
				MTL_ENABLE_DEBUG_INFO = INCLUDE_SOURCE;
				MTL_FAST_MATH = YES;
				ONLY_ACTIVE_ARCH = YES;
				SDKROOT = iphoneos;
				SWIFT_ACTIVE_COMPILATION_CONDITIONS = DEBUG;
				SWIFT_OPTIMIZATION_LEVEL = "-Onone";
			};
			name = Debug;
		};
		ADF9310224444F81000A4786 /* Release */ = {
			isa = XCBuildConfiguration;
			buildSettings = {
				ALWAYS_SEARCH_USER_PATHS = NO;
				CLANG_ANALYZER_NONNULL = YES;
				CLANG_ANALYZER_NUMBER_OBJECT_CONVERSION = YES_AGGRESSIVE;
				CLANG_CXX_LANGUAGE_STANDARD = "gnu++14";
				CLANG_CXX_LIBRARY = "libc++";
				CLANG_ENABLE_MODULES = YES;
				CLANG_ENABLE_OBJC_ARC = YES;
				CLANG_ENABLE_OBJC_WEAK = YES;
				CLANG_WARN_BLOCK_CAPTURE_AUTORELEASING = YES;
				CLANG_WARN_BOOL_CONVERSION = YES;
				CLANG_WARN_COMMA = YES;
				CLANG_WARN_CONSTANT_CONVERSION = YES;
				CLANG_WARN_DEPRECATED_OBJC_IMPLEMENTATIONS = YES;
				CLANG_WARN_DIRECT_OBJC_ISA_USAGE = YES_ERROR;
				CLANG_WARN_DOCUMENTATION_COMMENTS = YES;
				CLANG_WARN_EMPTY_BODY = YES;
				CLANG_WARN_ENUM_CONVERSION = YES;
				CLANG_WARN_INFINITE_RECURSION = YES;
				CLANG_WARN_INT_CONVERSION = YES;
				CLANG_WARN_NON_LITERAL_NULL_CONVERSION = YES;
				CLANG_WARN_OBJC_IMPLICIT_RETAIN_SELF = YES;
				CLANG_WARN_OBJC_LITERAL_CONVERSION = YES;
				CLANG_WARN_OBJC_ROOT_CLASS = YES_ERROR;
				CLANG_WARN_RANGE_LOOP_ANALYSIS = YES;
				CLANG_WARN_STRICT_PROTOTYPES = YES;
				CLANG_WARN_SUSPICIOUS_MOVE = YES;
				CLANG_WARN_UNGUARDED_AVAILABILITY = YES_AGGRESSIVE;
				CLANG_WARN_UNREACHABLE_CODE = YES;
				CLANG_WARN__DUPLICATE_METHOD_MATCH = YES;
				COPY_PHASE_STRIP = NO;
				DEBUG_INFORMATION_FORMAT = "dwarf-with-dsym";
				ENABLE_NS_ASSERTIONS = NO;
				ENABLE_STRICT_OBJC_MSGSEND = YES;
				GCC_C_LANGUAGE_STANDARD = gnu11;
				GCC_NO_COMMON_BLOCKS = YES;
				GCC_WARN_64_TO_32_BIT_CONVERSION = YES;
				GCC_WARN_ABOUT_RETURN_TYPE = YES_ERROR;
				GCC_WARN_UNDECLARED_SELECTOR = YES;
				GCC_WARN_UNINITIALIZED_AUTOS = YES_AGGRESSIVE;
				GCC_WARN_UNUSED_FUNCTION = YES;
				GCC_WARN_UNUSED_VARIABLE = YES;
				IPHONEOS_DEPLOYMENT_TARGET = 13.4;
				MTL_ENABLE_DEBUG_INFO = NO;
				MTL_FAST_MATH = YES;
				SDKROOT = iphoneos;
				SWIFT_COMPILATION_MODE = wholemodule;
				SWIFT_OPTIMIZATION_LEVEL = "-O";
				VALIDATE_PRODUCT = YES;
			};
			name = Release;
		};
		ADF9310424444F81000A4786 /* Debug */ = {
			isa = XCBuildConfiguration;
			buildSettings = {
				ASSETCATALOG_COMPILER_APPICON_NAME = AppIcon;
				CODE_SIGN_STYLE = Automatic;
				DEVELOPMENT_TEAM = 3G67MPYAML;
				INFOPLIST_FILE = SwiftStudy/Info.plist;
				LD_RUNPATH_SEARCH_PATHS = (
					"$(inherited)",
					"@executable_path/Frameworks",
				);
				PRODUCT_BUNDLE_IDENTIFIER = Yang.SwiftStudy;
				PRODUCT_NAME = "$(TARGET_NAME)";
				SWIFT_VERSION = 5.0;
				TARGETED_DEVICE_FAMILY = "1,2";
			};
			name = Debug;
		};
		ADF9310524444F81000A4786 /* Release */ = {
			isa = XCBuildConfiguration;
			buildSettings = {
				ASSETCATALOG_COMPILER_APPICON_NAME = AppIcon;
				CODE_SIGN_STYLE = Automatic;
				DEVELOPMENT_TEAM = 3G67MPYAML;
				INFOPLIST_FILE = SwiftStudy/Info.plist;
				LD_RUNPATH_SEARCH_PATHS = (
					"$(inherited)",
					"@executable_path/Frameworks",
				);
				PRODUCT_BUNDLE_IDENTIFIER = Yang.SwiftStudy;
				PRODUCT_NAME = "$(TARGET_NAME)";
				SWIFT_VERSION = 5.0;
				TARGETED_DEVICE_FAMILY = "1,2";
			};
			name = Release;
		};
/* End XCBuildConfiguration section */

/* Begin XCConfigurationList section */
		ADF930EA24444F7F000A4786 /* Build configuration list for PBXProject "SwiftStudy" */ = {
			isa = XCConfigurationList;
			buildConfigurations = (
				ADF9310124444F81000A4786 /* Debug */,
				ADF9310224444F81000A4786 /* Release */,
			);
			defaultConfigurationIsVisible = 0;
			defaultConfigurationName = Release;
		};
		ADF9310324444F81000A4786 /* Build configuration list for PBXNativeTarget "SwiftStudy" */ = {
			isa = XCConfigurationList;
			buildConfigurations = (
				ADF9310424444F81000A4786 /* Debug */,
				ADF9310524444F81000A4786 /* Release */,
			);
			defaultConfigurationIsVisible = 0;
			defaultConfigurationName = Release;
		};
/* End XCConfigurationList section */
	};
	rootObject = ADF930E724444F7F000A4786 /* Project object */;
}
